
Microsoft Visual Studio Solution File, Format Version 12.00
# Visual Studio Version 17
VisualStudioVersion = 17.1.32210.238
MinimumVisualStudioVersion = 10.0.40219.1
Project("{2150E333-8FDC-42A3-9474-1A3956D46DE8}") = "Services", "Services", "{0A8CD8F5-6442-4A62-9A86-55DB21636349}"
EndProject
Project("{2150E333-8FDC-42A3-9474-1A3956D46DE8}") = "Users", "Users", "{94FFE5FF-14C2-4DFD-8CBB-12A25E43FDA2}"
EndProject
Project("{FAE04EC0-301F-11D3-BF4B-00C04F79EFBC}") = "NewsBlog.Users.Core", "Services\Users\NewsBlog.Users.Core\NewsBlog.Users.Core.csproj", "{C2ECC0CD-8FFC-4AF9-BF9C-EF4645ACA414}"
EndProject
Global
	GlobalSection(SolutionConfigurationPlatforms) = preSolution
		Debug|Any CPU = Debug|Any CPU
		Release|Any CPU = Release|Any CPU
	EndGlobalSection
	GlobalSection(ProjectConfigurationPlatforms) = postSolution
		{C2ECC0CD-8FFC-4AF9-BF9C-EF4645ACA414}.Debug|Any CPU.ActiveCfg = Debug|Any CPU
		{C2ECC0CD-8FFC-4AF9-BF9C-EF4645ACA414}.Debug|Any CPU.Build.0 = Debug|Any CPU
		{C2ECC0CD-8FFC-4AF9-BF9C-EF4645ACA414}.Release|Any CPU.ActiveCfg = Release|Any CPU
		{C2ECC0CD-8FFC-4AF9-BF9C-EF4645ACA414}.Release|Any CPU.Build.0 = Release|Any CPU
	EndGlobalSection
	GlobalSection(SolutionProperties) = preSolution
		HideSolutionNode = FALSE
	EndGlobalSection
	GlobalSection(NestedProjects) = preSolution
		{94FFE5FF-14C2-4DFD-8CBB-12A25E43FDA2} = {0A8CD8F5-6442-4A62-9A86-55DB21636349}
		{C2ECC0CD-8FFC-4AF9-BF9C-EF4645ACA414} = {94FFE5FF-14C2-4DFD-8CBB-12A25E43FDA2}
	EndGlobalSection
	GlobalSection(ExtensibilityGlobals) = postSolution
		SolutionGuid = {082F862D-CAE5-45D5-AAD0-FB237C3B05BE}
	EndGlobalSection
EndGlobal
